
Microsoft Visual Studio Solution File, Format Version 12.00
# Visual Studio Version 16
VisualStudioVersion = 16.0.31313.79
MinimumVisualStudioVersion = 10.0.40219.1
Project("{8BC9CEB8-8B4A-11D0-8D11-00A0C91BC942}") = "SQLiteSample", "SQLiteSample\SQLiteSample.vcxproj", "{27E80FB3-47C1-429A-9190-F6D7AA52404D}"
EndProject
Global
	GlobalSection(SolutionConfigurationPlatforms) = preSolution
		Debug|x64 = Debug|x64
		Debug|x86 = Debug|x86
		Release|x64 = Release|x64
		Release|x86 = Release|x86
	EndGlobalSection
	GlobalSection(ProjectConfigurationPlatforms) = postSolution
		{27E80FB3-47C1-429A-9190-F6D7AA52404D}.Debug|x64.ActiveCfg = Debug|x64
		{27E80FB3-47C1-429A-9190-F6D7AA52404D}.Debug|x64.Build.0 = Debug|x64
		{27E80FB3-47C1-429A-9190-F6D7AA52404D}.Debug|x86.ActiveCfg = Debug|Win32
		{27E80FB3-47C1-429A-9190-F6D7AA52404D}.Debug|x86.Build.0 = Debug|Win32
		{27E80FB3-47C1-429A-9190-F6D7AA52404D}.Release|x64.ActiveCfg = Release|x64
		{27E80FB3-47C1-429A-9190-F6D7AA52404D}.Release|x64.Build.0 = Release|x64
		{27E80FB3-47C1-429A-9190-F6D7AA52404D}.Release|x86.ActiveCfg = Release|Win32
		{27E80FB3-47C1-429A-9190-F6D7AA52404D}.Release|x86.Build.0 = Release|Win32
	EndGlobalSection
	GlobalSection(SolutionProperties) = preSolution
		HideSolutionNode = FALSE
	EndGlobalSection
	GlobalSection(ExtensibilityGlobals) = postSolution
		SolutionGuid = {3BA17B18-C508-4299-8FD1-633B8AA43AE3}
	EndGlobalSection
EndGlobal
